// !$*UTF8*$!
{
	archiveVersion = 1;
	classes = {
	};
	objectVersion = 56;
	objects = {

/* Begin PBXBuildFile section */
		014D5FE22C2239EC0083A295 /* AttributeBankApp.swift in Sources */ = {isa = PBXBuildFile; fileRef = 014D5FE12C2239EC0083A295 /* AttributeBankApp.swift */; };
		014D5FE42C2239EC0083A295 /* ContentView.swift in Sources */ = {isa = PBXBuildFile; fileRef = 014D5FE32C2239EC0083A295 /* ContentView.swift */; };
		014D5FE62C2239EC0083A295 /* Assets.xcassets in Resources */ = {isa = PBXBuildFile; fileRef = 014D5FE52C2239EC0083A295 /* Assets.xcassets */; };
		014D5FE92C2239EC0083A295 /* Preview Assets.xcassets in Resources */ = {isa = PBXBuildFile; fileRef = 014D5FE82C2239EC0083A295 /* Preview Assets.xcassets */; };
		014D5FF42C2239EC0083A295 /* AttributeBankTests.swift in Sources */ = {isa = PBXBuildFile; fileRef = 014D5FF32C2239EC0083A295 /* AttributeBankTests.swift */; };
		014D5FFE2C2239EC0083A295 /* AttributeBankUITests.swift in Sources */ = {isa = PBXBuildFile; fileRef = 014D5FFD2C2239EC0083A295 /* AttributeBankUITests.swift */; };
		014D60002C2239EC0083A295 /* AttributeBankUITestsLaunchTests.swift in Sources */ = {isa = PBXBuildFile; fileRef = 014D5FFF2C2239EC0083A295 /* AttributeBankUITestsLaunchTests.swift */; };
/* End PBXBuildFile section */

/* Begin PBXContainerItemProxy section */
		014D5FF02C2239EC0083A295 /* PBXContainerItemProxy */ = {
			isa = PBXContainerItemProxy;
			containerPortal = 014D5FD62C2239EC0083A295 /* Project object */;
			proxyType = 1;
			remoteGlobalIDString = 014D5FDD2C2239EC0083A295;
			remoteInfo = AttributeBank;
		};
		014D5FFA2C2239EC0083A295 /* PBXContainerItemProxy */ = {
			isa = PBXContainerItemProxy;
			containerPortal = 014D5FD62C2239EC0083A295 /* Project object */;
			proxyType = 1;
			remoteGlobalIDString = 014D5FDD2C2239EC0083A295;
			remoteInfo = AttributeBank;
		};
/* End PBXContainerItemProxy section */

/* Begin PBXFileReference section */
		014D5FDE2C2239EC0083A295 /* AttributeBank.app */ = {isa = PBXFileReference; explicitFileType = wrapper.application; includeInIndex = 0; path = AttributeBank.app; sourceTree = BUILT_PRODUCTS_DIR; };
		014D5FE12C2239EC0083A295 /* AttributeBankApp.swift */ = {isa = PBXFileReference; lastKnownFileType = sourcecode.swift; path = AttributeBankApp.swift; sourceTree = "<group>"; };
		014D5FE32C2239EC0083A295 /* ContentView.swift */ = {isa = PBXFileReference; lastKnownFileType = sourcecode.swift; path = ContentView.swift; sourceTree = "<group>"; };
		014D5FE52C2239EC0083A295 /* Assets.xcassets */ = {isa = PBXFileReference; lastKnownFileType = folder.assetcatalog; path = Assets.xcassets; sourceTree = "<group>"; };
		014D5FE82C2239EC0083A295 /* Preview Assets.xcassets */ = {isa = PBXFileReference; lastKnownFileType = folder.assetcatalog; path = "Preview Assets.xcassets"; sourceTree = "<group>"; };
		014D5FEA2C2239EC0083A295 /* AttributeBank.entitlements */ = {isa = PBXFileReference; lastKnownFileType = text.plist.entitlements; path = AttributeBank.entitlements; sourceTree = "<group>"; };
		014D5FEF2C2239EC0083A295 /* AttributeBankTests.xctest */ = {isa = PBXFileReference; explicitFileType = wrapper.cfbundle; includeInIndex = 0; path = AttributeBankTests.xctest; sourceTree = BUILT_PRODUCTS_DIR; };
		014D5FF32C2239EC0083A295 /* AttributeBankTests.swift */ = {isa = PBXFileReference; lastKnownFileType = sourcecode.swift; path = AttributeBankTests.swift; sourceTree = "<group>"; };
		014D5FF92C2239EC0083A295 /* AttributeBankUITests.xctest */ = {isa = PBXFileReference; explicitFileType = wrapper.cfbundle; includeInIndex = 0; path = AttributeBankUITests.xctest; sourceTree = BUILT_PRODUCTS_DIR; };
		014D5FFD2C2239EC0083A295 /* AttributeBankUITests.swift */ = {isa = PBXFileReference; lastKnownFileType = sourcecode.swift; path = AttributeBankUITests.swift; sourceTree = "<group>"; };
		014D5FFF2C2239EC0083A295 /* AttributeBankUITestsLaunchTests.swift */ = {isa = PBXFileReference; lastKnownFileType = sourcecode.swift; path = AttributeBankUITestsLaunchTests.swift; sourceTree = "<group>"; };
/* End PBXFileReference section */

/* Begin PBXFrameworksBuildPhase section */
		014D5FDB2C2239EC0083A295 /* Frameworks */ = {
			isa = PBXFrameworksBuildPhase;
			buildActionMask = 2147483647;
			files = (
			);
			runOnlyForDeploymentPostprocessing = 0;
		};
		014D5FEC2C2239EC0083A295 /* Frameworks */ = {
			isa = PBXFrameworksBuildPhase;
			buildActionMask = 2147483647;
			files = (
			);
			runOnlyForDeploymentPostprocessing = 0;
		};
		014D5FF62C2239EC0083A295 /* Frameworks */ = {
			isa = PBXFrameworksBuildPhase;
			buildActionMask = 2147483647;
			files = (
			);
			runOnlyForDeploymentPostprocessing = 0;
		};
/* End PBXFrameworksBuildPhase section */

/* Begin PBXGroup section */
		014D5FD52C2239EC0083A295 = {
			isa = PBXGroup;
			children = (
				014D5FE02C2239EC0083A295 /* AttributeBank */,
				014D5FF22C2239EC0083A295 /* AttributeBankTests */,
				014D5FFC2C2239EC0083A295 /* AttributeBankUITests */,
				014D5FDF2C2239EC0083A295 /* Products */,
			);
			sourceTree = "<group>";
		};
		014D5FDF2C2239EC0083A295 /* Products */ = {
			isa = PBXGroup;
			children = (
				014D5FDE2C2239EC0083A295 /* AttributeBank.app */,
				014D5FEF2C2239EC0083A295 /* AttributeBankTests.xctest */,
				014D5FF92C2239EC0083A295 /* AttributeBankUITests.xctest */,
			);
			name = Products;
			sourceTree = "<group>";
		};
		014D5FE02C2239EC0083A295 /* AttributeBank */ = {
			isa = PBXGroup;
			children = (
				014D5FE12C2239EC0083A295 /* AttributeBankApp.swift */,
				014D5FE32C2239EC0083A295 /* ContentView.swift */,
				014D5FE52C2239EC0083A295 /* Assets.xcassets */,
				014D5FEA2C2239EC0083A295 /* AttributeBank.entitlements */,
				014D5FE72C2239EC0083A295 /* Preview Content */,
			);
			path = AttributeBank;
			sourceTree = "<group>";
		};
		014D5FE72C2239EC0083A295 /* Preview Content */ = {
			isa = PBXGroup;
			children = (
				014D5FE82C2239EC0083A295 /* Preview Assets.xcassets */,
			);
			path = "Preview Content";
			sourceTree = "<group>";
		};
		014D5FF22C2239EC0083A295 /* AttributeBankTests */ = {
			isa = PBXGroup;
			children = (
				014D5FF32C2239EC0083A295 /* AttributeBankTests.swift */,
			);
			path = AttributeBankTests;
			sourceTree = "<group>";
		};
		014D5FFC2C2239EC0083A295 /* AttributeBankUITests */ = {
			isa = PBXGroup;
			children = (
				014D5FFD2C2239EC0083A295 /* AttributeBankUITests.swift */,
				014D5FFF2C2239EC0083A295 /* AttributeBankUITestsLaunchTests.swift */,
			);
			path = AttributeBankUITests;
			sourceTree = "<group>";
		};
/* End PBXGroup section */

/* Begin PBXNativeTarget section */
		014D5FDD2C2239EC0083A295 /* AttributeBank */ = {
			isa = PBXNativeTarget;
			buildConfigurationList = 014D60032C2239EC0083A295 /* Build configuration list for PBXNativeTarget "AttributeBank" */;
			buildPhases = (
				014D5FDA2C2239EC0083A295 /* Sources */,
				014D5FDB2C2239EC0083A295 /* Frameworks */,
				014D5FDC2C2239EC0083A295 /* Resources */,
			);
			buildRules = (
			);
			dependencies = (
			);
			name = AttributeBank;
			productName = AttributeBank;
			productReference = 014D5FDE2C2239EC0083A295 /* AttributeBank.app */;
			productType = "com.apple.product-type.application";
		};
		014D5FEE2C2239EC0083A295 /* AttributeBankTests */ = {
			isa = PBXNativeTarget;
			buildConfigurationList = 014D60062C2239EC0083A295 /* Build configuration list for PBXNativeTarget "AttributeBankTests" */;
			buildPhases = (
				014D5FEB2C2239EC0083A295 /* Sources */,
				014D5FEC2C2239EC0083A295 /* Frameworks */,
				014D5FED2C2239EC0083A295 /* Resources */,
			);
			buildRules = (
			);
			dependencies = (
				014D5FF12C2239EC0083A295 /* PBXTargetDependency */,
			);
			name = AttributeBankTests;
			productName = AttributeBankTests;
			productReference = 014D5FEF2C2239EC0083A295 /* AttributeBankTests.xctest */;
			productType = "com.apple.product-type.bundle.unit-test";
		};
		014D5FF82C2239EC0083A295 /* AttributeBankUITests */ = {
			isa = PBXNativeTarget;
			buildConfigurationList = 014D60092C2239EC0083A295 /* Build configuration list for PBXNativeTarget "AttributeBankUITests" */;
			buildPhases = (
				014D5FF52C2239EC0083A295 /* Sources */,
				014D5FF62C2239EC0083A295 /* Frameworks */,
				014D5FF72C2239EC0083A295 /* Resources */,
			);
			buildRules = (
			);
			dependencies = (
				014D5FFB2C2239EC0083A295 /* PBXTargetDependency */,
			);
			name = AttributeBankUITests;
			productName = AttributeBankUITests;
			productReference = 014D5FF92C2239EC0083A295 /* AttributeBankUITests.xctest */;
			productType = "com.apple.product-type.bundle.ui-testing";
		};
/* End PBXNativeTarget section */

/* Begin PBXProject section */
		014D5FD62C2239EC0083A295 /* Project object */ = {
			isa = PBXProject;
			attributes = {
				BuildIndependentTargetsInParallel = 1;
				LastSwiftUpdateCheck = 1540;
				LastUpgradeCheck = 1540;
				TargetAttributes = {
					014D5FDD2C2239EC0083A295 = {
						CreatedOnToolsVersion = 15.4;
					};
					014D5FEE2C2239EC0083A295 = {
						CreatedOnToolsVersion = 15.4;
						TestTargetID = 014D5FDD2C2239EC0083A295;
					};
					014D5FF82C2239EC0083A295 = {
						CreatedOnToolsVersion = 15.4;
						TestTargetID = 014D5FDD2C2239EC0083A295;
					};
				};
			};
			buildConfigurationList = 014D5FD92C2239EC0083A295 /* Build configuration list for PBXProject "AttributeBank" */;
			compatibilityVersion = "Xcode 14.0";
			developmentRegion = en;
			hasScannedForEncodings = 0;
			knownRegions = (
				en,
				Base,
			);
			mainGroup = 014D5FD52C2239EC0083A295;
			productRefGroup = 014D5FDF2C2239EC0083A295 /* Products */;
			projectDirPath = "";
			projectRoot = "";
			targets = (
				014D5FDD2C2239EC0083A295 /* AttributeBank */,
				014D5FEE2C2239EC0083A295 /* AttributeBankTests */,
				014D5FF82C2239EC0083A295 /* AttributeBankUITests */,
			);
		};
/* End PBXProject section */

/* Begin PBXResourcesBuildPhase section */
		014D5FDC2C2239EC0083A295 /* Resources */ = {
			isa = PBXResourcesBuildPhase;
			buildActionMask = 2147483647;
			files = (
				014D5FE92C2239EC0083A295 /* Preview Assets.xcassets in Resources */,
				014D5FE62C2239EC0083A295 /* Assets.xcassets in Resources */,
			);
			runOnlyForDeploymentPostprocessing = 0;
		};
		014D5FED2C2239EC0083A295 /* Resources */ = {
			isa = PBXResourcesBuildPhase;
			buildActionMask = 2147483647;
			files = (
			);
			runOnlyForDeploymentPostprocessing = 0;
		};
		014D5FF72C2239EC0083A295 /* Resources */ = {
			isa = PBXResourcesBuildPhase;
			buildActionMask = 2147483647;
			files = (
			);
			runOnlyForDeploymentPostprocessing = 0;
		};
/* End PBXResourcesBuildPhase section */

/* Begin PBXSourcesBuildPhase section */
		014D5FDA2C2239EC0083A295 /* Sources */ = {
			isa = PBXSourcesBuildPhase;
			buildActionMask = 2147483647;
			files = (
				014D5FE42C2239EC0083A295 /* ContentView.swift in Sources */,
				014D5FE22C2239EC0083A295 /* AttributeBankApp.swift in Sources */,
			);
			runOnlyForDeploymentPostprocessing = 0;
		};
		014D5FEB2C2239EC0083A295 /* Sources */ = {
			isa = PBXSourcesBuildPhase;
			buildActionMask = 2147483647;
			files = (
				014D5FF42C2239EC0083A295 /* AttributeBankTests.swift in Sources */,
			);
			runOnlyForDeploymentPostprocessing = 0;
		};
		014D5FF52C2239EC0083A295 /* Sources */ = {
			isa = PBXSourcesBuildPhase;
			buildActionMask = 2147483647;
			files = (
				014D5FFE2C2239EC0083A295 /* AttributeBankUITests.swift in Sources */,
				014D60002C2239EC0083A295 /* AttributeBankUITestsLaunchTests.swift in Sources */,
			);
			runOnlyForDeploymentPostprocessing = 0;
		};
/* End PBXSourcesBuildPhase section */

/* Begin PBXTargetDependency section */
		014D5FF12C2239EC0083A295 /* PBXTargetDependency */ = {
			isa = PBXTargetDependency;
			target = 014D5FDD2C2239EC0083A295 /* AttributeBank */;
			targetProxy = 014D5FF02C2239EC0083A295 /* PBXContainerItemProxy */;
		};
		014D5FFB2C2239EC0083A295 /* PBXTargetDependency */ = {
			isa = PBXTargetDependency;
			target = 014D5FDD2C2239EC0083A295 /* AttributeBank */;
			targetProxy = 014D5FFA2C2239EC0083A295 /* PBXContainerItemProxy */;
		};
/* End PBXTargetDependency section */

/* Begin XCBuildConfiguration section */
		014D60012C2239EC0083A295 /* Debug */ = {
			isa = XCBuildConfiguration;
			buildSettings = {
				ALWAYS_SEARCH_USER_PATHS = NO;
				ASSETCATALOG_COMPILER_GENERATE_SWIFT_ASSET_SYMBOL_EXTENSIONS = YES;
				CLANG_ANALYZER_NONNULL = YES;
				CLANG_ANALYZER_NUMBER_OBJECT_CONVERSION = YES_AGGRESSIVE;
				CLANG_CXX_LANGUAGE_STANDARD = "gnu++20";
				CLANG_ENABLE_MODULES = YES;
				CLANG_ENABLE_OBJC_ARC = YES;
				CLANG_ENABLE_OBJC_WEAK = YES;
				CLANG_WARN_BLOCK_CAPTURE_AUTORELEASING = YES;
				CLANG_WARN_BOOL_CONVERSION = YES;
				CLANG_WARN_COMMA = YES;
				CLANG_WARN_CONSTANT_CONVERSION = YES;
				CLANG_WARN_DEPRECATED_OBJC_IMPLEMENTATIONS = YES;
				CLANG_WARN_DIRECT_OBJC_ISA_USAGE = YES_ERROR;
				CLANG_WARN_DOCUMENTATION_COMMENTS = YES;
				CLANG_WARN_EMPTY_BODY = YES;
				CLANG_WARN_ENUM_CONVERSION = YES;
				CLANG_WARN_INFINITE_RECURSION = YES;
				CLANG_WARN_INT_CONVERSION = YES;
				CLANG_WARN_NON_LITERAL_NULL_CONVERSION = YES;
				CLANG_WARN_OBJC_IMPLICIT_RETAIN_SELF = YES;
				CLANG_WARN_OBJC_LITERAL_CONVERSION = YES;
				CLANG_WARN_OBJC_ROOT_CLASS = YES_ERROR;
				CLANG_WARN_QUOTED_INCLUDE_IN_FRAMEWORK_HEADER = YES;
				CLANG_WARN_RANGE_LOOP_ANALYSIS = YES;
				CLANG_WARN_STRICT_PROTOTYPES = YES;
				CLANG_WARN_SUSPICIOUS_MOVE = YES;
				CLANG_WARN_UNGUARDED_AVAILABILITY = YES_AGGRESSIVE;
				CLANG_WARN_UNREACHABLE_CODE = YES;
				CLANG_WARN__DUPLICATE_METHOD_MATCH = YES;
				COPY_PHASE_STRIP = NO;
				DEBUG_INFORMATION_FORMAT = dwarf;
				ENABLE_STRICT_OBJC_MSGSEND = YES;
				ENABLE_TESTABILITY = YES;
				ENABLE_USER_SCRIPT_SANDBOXING = YES;
				GCC_C_LANGUAGE_STANDARD = gnu17;
				GCC_DYNAMIC_NO_PIC = NO;
				GCC_NO_COMMON_BLOCKS = YES;
				GCC_OPTIMIZATION_LEVEL = 0;
				GCC_PREPROCESSOR_DEFINITIONS = (
					"DEBUG=1",
					"$(inherited)",
				);
				GCC_WARN_64_TO_32_BIT_CONVERSION = YES;
				GCC_WARN_ABOUT_RETURN_TYPE = YES_ERROR;
				GCC_WARN_UNDECLARED_SELECTOR = YES;
				GCC_WARN_UNINITIALIZED_AUTOS = YES_AGGRESSIVE;
				GCC_WARN_UNUSED_FUNCTION = YES;
				GCC_WARN_UNUSED_VARIABLE = YES;
				LOCALIZATION_PREFERS_STRING_CATALOGS = YES;
				MACOSX_DEPLOYMENT_TARGET = 14.5;
				MTL_ENABLE_DEBUG_INFO = INCLUDE_SOURCE;
				MTL_FAST_MATH = YES;
				ONLY_ACTIVE_ARCH = YES;
				SDKROOT = macosx;
				SWIFT_ACTIVE_COMPILATION_CONDITIONS = "DEBUG $(inherited)";
				SWIFT_OPTIMIZATION_LEVEL = "-Onone";
			};
			name = Debug;
		};
		014D60022C2239EC0083A295 /* Release */ = {
			isa = XCBuildConfiguration;
			buildSettings = {
				ALWAYS_SEARCH_USER_PATHS = NO;
				ASSETCATALOG_COMPILER_GENERATE_SWIFT_ASSET_SYMBOL_EXTENSIONS = YES;
				CLANG_ANALYZER_NONNULL = YES;
				CLANG_ANALYZER_NUMBER_OBJECT_CONVERSION = YES_AGGRESSIVE;
				CLANG_CXX_LANGUAGE_STANDARD = "gnu++20";
				CLANG_ENABLE_MODULES = YES;
				CLANG_ENABLE_OBJC_ARC = YES;
				CLANG_ENABLE_OBJC_WEAK = YES;
				CLANG_WARN_BLOCK_CAPTURE_AUTORELEASING = YES;
				CLANG_WARN_BOOL_CONVERSION = YES;
				CLANG_WARN_COMMA = YES;
				CLANG_WARN_CONSTANT_CONVERSION = YES;
				CLANG_WARN_DEPRECATED_OBJC_IMPLEMENTATIONS = YES;
				CLANG_WARN_DIRECT_OBJC_ISA_USAGE = YES_ERROR;
				CLANG_WARN_DOCUMENTATION_COMMENTS = YES;
				CLANG_WARN_EMPTY_BODY = YES;
				CLANG_WARN_ENUM_CONVERSION = YES;
				CLANG_WARN_INFINITE_RECURSION = YES;
				CLANG_WARN_INT_CONVERSION = YES;
				CLANG_WARN_NON_LITERAL_NULL_CONVERSION = YES;
				CLANG_WARN_OBJC_IMPLICIT_RETAIN_SELF = YES;
				CLANG_WARN_OBJC_LITERAL_CONVERSION = YES;
				CLANG_WARN_OBJC_ROOT_CLASS = YES_ERROR;
				CLANG_WARN_QUOTED_INCLUDE_IN_FRAMEWORK_HEADER = YES;
				CLANG_WARN_RANGE_LOOP_ANALYSIS = YES;
				CLANG_WARN_STRICT_PROTOTYPES = YES;
				CLANG_WARN_SUSPICIOUS_MOVE = YES;
				CLANG_WARN_UNGUARDED_AVAILABILITY = YES_AGGRESSIVE;
				CLANG_WARN_UNREACHABLE_CODE = YES;
				CLANG_WARN__DUPLICATE_METHOD_MATCH = YES;
				COPY_PHASE_STRIP = NO;
				DEBUG_INFORMATION_FORMAT = "dwarf-with-dsym";
				ENABLE_NS_ASSERTIONS = NO;
				ENABLE_STRICT_OBJC_MSGSEND = YES;
				ENABLE_USER_SCRIPT_SANDBOXING = YES;
				GCC_C_LANGUAGE_STANDARD = gnu17;
				GCC_NO_COMMON_BLOCKS = YES;
				GCC_WARN_64_TO_32_BIT_CONVERSION = YES;
				GCC_WARN_ABOUT_RETURN_TYPE = YES_ERROR;
				GCC_WARN_UNDECLARED_SELECTOR = YES;
				GCC_WARN_UNINITIALIZED_AUTOS = YES_AGGRESSIVE;
				GCC_WARN_UNUSED_FUNCTION = YES;
				GCC_WARN_UNUSED_VARIABLE = YES;
				LOCALIZATION_PREFERS_STRING_CATALOGS = YES;
				MACOSX_DEPLOYMENT_TARGET = 14.5;
				MTL_ENABLE_DEBUG_INFO = NO;
				MTL_FAST_MATH = YES;
				SDKROOT = macosx;
				SWIFT_COMPILATION_MODE = wholemodule;
			};
			name = Release;
		};
		014D60042C2239EC0083A295 /* Debug */ = {
			isa = XCBuildConfiguration;
			buildSettings = {
				ASSETCATALOG_COMPILER_APPICON_NAME = AppIcon;
				ASSETCATALOG_COMPILER_GLOBAL_ACCENT_COLOR_NAME = AccentColor;
				CODE_SIGN_ENTITLEMENTS = AttributeBank/AttributeBank.entitlements;
				CODE_SIGN_STYLE = Automatic;
				COMBINE_HIDPI_IMAGES = YES;
				CURRENT_PROJECT_VERSION = 1;
				DEVELOPMENT_ASSET_PATHS = "\"AttributeBank/Preview Content\"";
				DEVELOPMENT_TEAM = 4HK2NGRWKW;
				ENABLE_HARDENED_RUNTIME = YES;
				ENABLE_PREVIEWS = YES;
				GENERATE_INFOPLIST_FILE = YES;
				INFOPLIST_KEY_NSHumanReadableCopyright = "";
				LD_RUNPATH_SEARCH_PATHS = (
					"$(inherited)",
					"@executable_path/../Frameworks",
				);
				MARKETING_VERSION = 1.0;
				PRODUCT_BUNDLE_IDENTIFIER = com.nyteshade.AttributeBank;
				PRODUCT_NAME = "$(TARGET_NAME)";
				SWIFT_EMIT_LOC_STRINGS = YES;
				SWIFT_VERSION = 5.0;
			};
			name = Debug;
		};
		014D60052C2239EC0083A295 /* Release */ = {
			isa = XCBuildConfiguration;
			buildSettings = {
				ASSETCATALOG_COMPILER_APPICON_NAME = AppIcon;
				ASSETCATALOG_COMPILER_GLOBAL_ACCENT_COLOR_NAME = AccentColor;
				CODE_SIGN_ENTITLEMENTS = AttributeBank/AttributeBank.entitlements;
				CODE_SIGN_STYLE = Automatic;
				COMBINE_HIDPI_IMAGES = YES;
				CURRENT_PROJECT_VERSION = 1;
				DEVELOPMENT_ASSET_PATHS = "\"AttributeBank/Preview Content\"";
				DEVELOPMENT_TEAM = 4HK2NGRWKW;
				ENABLE_HARDENED_RUNTIME = YES;
				ENABLE_PREVIEWS = YES;
				GENERATE_INFOPLIST_FILE = YES;
				INFOPLIST_KEY_NSHumanReadableCopyright = "";
				LD_RUNPATH_SEARCH_PATHS = (
					"$(inherited)",
					"@executable_path/../Frameworks",
				);
				MARKETING_VERSION = 1.0;
				PRODUCT_BUNDLE_IDENTIFIER = com.nyteshade.AttributeBank;
				PRODUCT_NAME = "$(TARGET_NAME)";
				SWIFT_EMIT_LOC_STRINGS = YES;
				SWIFT_VERSION = 5.0;
			};
			name = Release;
		};
		014D60072C2239EC0083A295 /* Debug */ = {
			isa = XCBuildConfiguration;
			buildSettings = {
				ALWAYS_EMBED_SWIFT_STANDARD_LIBRARIES = YES;
				BUNDLE_LOADER = "$(TEST_HOST)";
				CODE_SIGN_STYLE = Automatic;
				CURRENT_PROJECT_VERSION = 1;
				DEVELOPMENT_TEAM = 4HK2NGRWKW;
				GENERATE_INFOPLIST_FILE = YES;
				MACOSX_DEPLOYMENT_TARGET = 14.5;
				MARKETING_VERSION = 1.0;
				PRODUCT_BUNDLE_IDENTIFIER = com.nyteshade.AttributeBankTests;
				PRODUCT_NAME = "$(TARGET_NAME)";
				SWIFT_EMIT_LOC_STRINGS = NO;
				SWIFT_VERSION = 5.0;
				TEST_HOST = "$(BUILT_PRODUCTS_DIR)/AttributeBank.app/$(BUNDLE_EXECUTABLE_FOLDER_PATH)/AttributeBank";
			};
			name = Debug;
		};
		014D60082C2239EC0083A295 /* Release */ = {
			isa = XCBuildConfiguration;
			buildSettings = {
				ALWAYS_EMBED_SWIFT_STANDARD_LIBRARIES = YES;
				BUNDLE_LOADER = "$(TEST_HOST)";
				CODE_SIGN_STYLE = Automatic;
				CURRENT_PROJECT_VERSION = 1;
				DEVELOPMENT_TEAM = 4HK2NGRWKW;
				GENERATE_INFOPLIST_FILE = YES;
				MACOSX_DEPLOYMENT_TARGET = 14.5;
				MARKETING_VERSION = 1.0;
				PRODUCT_BUNDLE_IDENTIFIER = com.nyteshade.AttributeBankTests;
				PRODUCT_NAME = "$(TARGET_NAME)";
				SWIFT_EMIT_LOC_STRINGS = NO;
				SWIFT_VERSION = 5.0;
				TEST_HOST = "$(BUILT_PRODUCTS_DIR)/AttributeBank.app/$(BUNDLE_EXECUTABLE_FOLDER_PATH)/AttributeBank";
			};
			name = Release;
		};
		014D600A2C2239EC0083A295 /* Debug */ = {
			isa = XCBuildConfiguration;
			buildSettings = {
				ALWAYS_EMBED_SWIFT_STANDARD_LIBRARIES = YES;
				CODE_SIGN_STYLE = Automatic;
				CURRENT_PROJECT_VERSION = 1;
				DEVELOPMENT_TEAM = 4HK2NGRWKW;
				GENERATE_INFOPLIST_FILE = YES;
				MARKETING_VERSION = 1.0;
				PRODUCT_BUNDLE_IDENTIFIER = com.nyteshade.AttributeBankUITests;
				PRODUCT_NAME = "$(TARGET_NAME)";
				SWIFT_EMIT_LOC_STRINGS = NO;
				SWIFT_VERSION = 5.0;
				TEST_TARGET_NAME = AttributeBank;
			};
			name = Debug;
		};
		014D600B2C2239EC0083A295 /* Release */ = {
			isa = XCBuildConfiguration;
			buildSettings = {
				ALWAYS_EMBED_SWIFT_STANDARD_LIBRARIES = YES;
				CODE_SIGN_STYLE = Automatic;
				CURRENT_PROJECT_VERSION = 1;
				DEVELOPMENT_TEAM = 4HK2NGRWKW;
				GENERATE_INFOPLIST_FILE = YES;
				MARKETING_VERSION = 1.0;
				PRODUCT_BUNDLE_IDENTIFIER = com.nyteshade.AttributeBankUITests;
				PRODUCT_NAME = "$(TARGET_NAME)";
				SWIFT_EMIT_LOC_STRINGS = NO;
				SWIFT_VERSION = 5.0;
				TEST_TARGET_NAME = AttributeBank;
			};
			name = Release;
		};
/* End XCBuildConfiguration section */

/* Begin XCConfigurationList section */
		014D5FD92C2239EC0083A295 /* Build configuration list for PBXProject "AttributeBank" */ = {
			isa = XCConfigurationList;
			buildConfigurations = (
				014D60012C2239EC0083A295 /* Debug */,
				014D60022C2239EC0083A295 /* Release */,
			);
			defaultConfigurationIsVisible = 0;
			defaultConfigurationName = Release;
		};
		014D60032C2239EC0083A295 /* Build configuration list for PBXNativeTarget "AttributeBank" */ = {
			isa = XCConfigurationList;
			buildConfigurations = (
				014D60042C2239EC0083A295 /* Debug */,
				014D60052C2239EC0083A295 /* Release */,
			);
			defaultConfigurationIsVisible = 0;
			defaultConfigurationName = Release;
		};
		014D60062C2239EC0083A295 /* Build configuration list for PBXNativeTarget "AttributeBankTests" */ = {
			isa = XCConfigurationList;
			buildConfigurations = (
				014D60072C2239EC0083A295 /* Debug */,
				014D60082C2239EC0083A295 /* Release */,
			);
			defaultConfigurationIsVisible = 0;
			defaultConfigurationName = Release;
		};
		014D60092C2239EC0083A295 /* Build configuration list for PBXNativeTarget "AttributeBankUITests" */ = {
			isa = XCConfigurationList;
			buildConfigurations = (
				014D600A2C2239EC0083A295 /* Debug */,
				014D600B2C2239EC0083A295 /* Release */,
			);
			defaultConfigurationIsVisible = 0;
			defaultConfigurationName = Release;
		};
/* End XCConfigurationList section */
	};
	rootObject = 014D5FD62C2239EC0083A295 /* Project object */;
}
